// !$*UTF8*$!
{
	archiveVersion = 1;
	classes = {
	};
	objectVersion = 77;
	objects = {

/* Begin PBXContainerItemProxy section */
		636C58A52F8903D50070F7F2 /* PBXContainerItemProxy */ = {
			isa = PBXContainerItemProxy;
			containerPortal = 636C58862F8903D30070F7F2 /* Project object */;
			proxyType = 1;
			remoteGlobalIDString = 636C588D2F8903D30070F7F2;
			remoteInfo = "TMDB-MVVM-C";
		};
		636C58AF2F8903D50070F7F2 /* PBXContainerItemProxy */ = {
			isa = PBXContainerItemProxy;
			containerPortal = 636C58862F8903D30070F7F2 /* Project object */;
			proxyType = 1;
			remoteGlobalIDString = 636C588D2F8903D30070F7F2;
			remoteInfo = "TMDB-MVVM-C";
		};
/* End PBXContainerItemProxy section */

/* Begin PBXFileReference section */
		636C588E2F8903D30070F7F2 /* TMDB-MVVM-C.app */ = {isa = PBXFileReference; explicitFileType = wrapper.application; includeInIndex = 0; path = "TMDB-MVVM-C.app"; sourceTree = BUILT_PRODUCTS_DIR; };
		636C58A42F8903D50070F7F2 /* TMDB-MVVM-CTests.xctest */ = {isa = PBXFileReference; explicitFileType = wrapper.cfbundle; includeInIndex = 0; path = "TMDB-MVVM-CTests.xctest"; sourceTree = BUILT_PRODUCTS_DIR; };
		636C58AE2F8903D50070F7F2 /* TMDB-MVVM-CUITests.xctest */ = {isa = PBXFileReference; explicitFileType = wrapper.cfbundle; includeInIndex = 0; path = "TMDB-MVVM-CUITests.xctest"; sourceTree = BUILT_PRODUCTS_DIR; };
/* End PBXFileReference section */

/* Begin PBXFileSystemSynchronizedBuildFileExceptionSet section */
		636C58B62F8903D50070F7F2 /* Exceptions for "TMDB-MVVM-C" folder in "TMDB-MVVM-C" target */ = {
			isa = PBXFileSystemSynchronizedBuildFileExceptionSet;
			membershipExceptions = (
				Info.plist,
			);
			target = 636C588D2F8903D30070F7F2 /* TMDB-MVVM-C */;
		};
/* End PBXFileSystemSynchronizedBuildFileExceptionSet section */

/* Begin PBXFileSystemSynchronizedRootGroup section */
		636C58902F8903D30070F7F2 /* TMDB-MVVM-C */ = {
			isa = PBXFileSystemSynchronizedRootGroup;
			exceptions = (
				636C58B62F8903D50070F7F2 /* Exceptions for "TMDB-MVVM-C" folder in "TMDB-MVVM-C" target */,
			);
			path = "TMDB-MVVM-C";
			sourceTree = "<group>";
		};
		636C58A72F8903D50070F7F2 /* TMDB-MVVM-CTests */ = {
			isa = PBXFileSystemSynchronizedRootGroup;
			path = "TMDB-MVVM-CTests";
			sourceTree = "<group>";
		};
		636C58B12F8903D50070F7F2 /* TMDB-MVVM-CUITests */ = {
			isa = PBXFileSystemSynchronizedRootGroup;
			path = "TMDB-MVVM-CUITests";
			sourceTree = "<group>";
		};
/* End PBXFileSystemSynchronizedRootGroup section */

/* Begin PBXFrameworksBuildPhase section */
		636C588B2F8903D30070F7F2 /* Frameworks */ = {
			isa = PBXFrameworksBuildPhase;
			buildActionMask = 2147483647;
			files = (
			);
			runOnlyForDeploymentPostprocessing = 0;
		};
		636C58A12F8903D50070F7F2 /* Frameworks */ = {
			isa = PBXFrameworksBuildPhase;
			buildActionMask = 2147483647;
			files = (
			);
			runOnlyForDeploymentPostprocessing = 0;
		};
		636C58AB2F8903D50070F7F2 /* Frameworks */ = {
			isa = PBXFrameworksBuildPhase;
			buildActionMask = 2147483647;
			files = (
			);
			runOnlyForDeploymentPostprocessing = 0;
		};
/* End PBXFrameworksBuildPhase section */

/* Begin PBXGroup section */
		636C58852F8903D30070F7F2 = {
			isa = PBXGroup;
			children = (
				636C58902F8903D30070F7F2 /* TMDB-MVVM-C */,
				636C58A72F8903D50070F7F2 /* TMDB-MVVM-CTests */,
				636C58B12F8903D50070F7F2 /* TMDB-MVVM-CUITests */,
				636C588F2F8903D30070F7F2 /* Products */,
			);
			sourceTree = "<group>";
		};
		636C588F2F8903D30070F7F2 /* Products */ = {
			isa = PBXGroup;
			children = (
				636C588E2F8903D30070F7F2 /* TMDB-MVVM-C.app */,
				636C58A42F8903D50070F7F2 /* TMDB-MVVM-CTests.xctest */,
				636C58AE2F8903D50070F7F2 /* TMDB-MVVM-CUITests.xctest */,
			);
			name = Products;
			sourceTree = "<group>";
		};
/* End PBXGroup section */

/* Begin PBXNativeTarget section */
		636C588D2F8903D30070F7F2 /* TMDB-MVVM-C */ = {
			isa = PBXNativeTarget;
			buildConfigurationList = 636C58B72F8903D50070F7F2 /* Build configuration list for PBXNativeTarget "TMDB-MVVM-C" */;
			buildPhases = (
				636C588A2F8903D30070F7F2 /* Sources */,
				636C588B2F8903D30070F7F2 /* Frameworks */,
				636C588C2F8903D30070F7F2 /* Resources */,
			);
			buildRules = (
			);
			dependencies = (
			);
			fileSystemSynchronizedGroups = (
				636C58902F8903D30070F7F2 /* TMDB-MVVM-C */,
			);
			name = "TMDB-MVVM-C";
			packageProductDependencies = (
			);
			productName = "TMDB-MVVM-C";
			productReference = 636C588E2F8903D30070F7F2 /* TMDB-MVVM-C.app */;
			productType = "com.apple.product-type.application";
		};
		636C58A32F8903D50070F7F2 /* TMDB-MVVM-CTests */ = {
			isa = PBXNativeTarget;
			buildConfigurationList = 636C58BC2F8903D50070F7F2 /* Build configuration list for PBXNativeTarget "TMDB-MVVM-CTests" */;
			buildPhases = (
				636C58A02F8903D50070F7F2 /* Sources */,
				636C58A12F8903D50070F7F2 /* Frameworks */,
				636C58A22F8903D50070F7F2 /* Resources */,
			);
			buildRules = (
			);
			dependencies = (
				636C58A62F8903D50070F7F2 /* PBXTargetDependency */,
			);
			fileSystemSynchronizedGroups = (
				636C58A72F8903D50070F7F2 /* TMDB-MVVM-CTests */,
			);
			name = "TMDB-MVVM-CTests";
			packageProductDependencies = (
			);
			productName = "TMDB-MVVM-CTests";
			productReference = 636C58A42F8903D50070F7F2 /* TMDB-MVVM-CTests.xctest */;
			productType = "com.apple.product-type.bundle.unit-test";
		};
		636C58AD2F8903D50070F7F2 /* TMDB-MVVM-CUITests */ = {
			isa = PBXNativeTarget;
			buildConfigurationList = 636C58BF2F8903D50070F7F2 /* Build configuration list for PBXNativeTarget "TMDB-MVVM-CUITests" */;
			buildPhases = (
				636C58AA2F8903D50070F7F2 /* Sources */,
				636C58AB2F8903D50070F7F2 /* Frameworks */,
				636C58AC2F8903D50070F7F2 /* Resources */,
			);
			buildRules = (
			);
			dependencies = (
				636C58B02F8903D50070F7F2 /* PBXTargetDependency */,
			);
			fileSystemSynchronizedGroups = (
				636C58B12F8903D50070F7F2 /* TMDB-MVVM-CUITests */,
			);
			name = "TMDB-MVVM-CUITests";
			packageProductDependencies = (
			);
			productName = "TMDB-MVVM-CUITests";
			productReference = 636C58AE2F8903D50070F7F2 /* TMDB-MVVM-CUITests.xctest */;
			productType = "com.apple.product-type.bundle.ui-testing";
		};
/* End PBXNativeTarget section */

/* Begin PBXProject section */
		636C58862F8903D30070F7F2 /* Project object */ = {
			isa = PBXProject;
			attributes = {
				BuildIndependentTargetsInParallel = 1;
				LastSwiftUpdateCheck = 2600;
				LastUpgradeCheck = 2600;
				TargetAttributes = {
					636C588D2F8903D30070F7F2 = {
						CreatedOnToolsVersion = 26.0.1;
					};
					636C58A32F8903D50070F7F2 = {
						CreatedOnToolsVersion = 26.0.1;
						TestTargetID = 636C588D2F8903D30070F7F2;
					};
					636C58AD2F8903D50070F7F2 = {
						CreatedOnToolsVersion = 26.0.1;
						TestTargetID = 636C588D2F8903D30070F7F2;
					};
				};
			};
			buildConfigurationList = 636C58892F8903D30070F7F2 /* Build configuration list for PBXProject "TMDB-MVVM-C" */;
			developmentRegion = en;
			hasScannedForEncodings = 0;
			knownRegions = (
				en,
				Base,
			);
			mainGroup = 636C58852F8903D30070F7F2;
			minimizedProjectReferenceProxies = 1;
			preferredProjectObjectVersion = 77;
			productRefGroup = 636C588F2F8903D30070F7F2 /* Products */;
			projectDirPath = "";
			projectRoot = "";
			targets = (
				636C588D2F8903D30070F7F2 /* TMDB-MVVM-C */,
				636C58A32F8903D50070F7F2 /* TMDB-MVVM-CTests */,
				636C58AD2F8903D50070F7F2 /* TMDB-MVVM-CUITests */,
			);
		};
/* End PBXProject section */

/* Begin PBXResourcesBuildPhase section */
		636C588C2F8903D30070F7F2 /* Resources */ = {
			isa = PBXResourcesBuildPhase;
			buildActionMask = 2147483647;
			files = (
			);
			runOnlyForDeploymentPostprocessing = 0;
		};
		636C58A22F8903D50070F7F2 /* Resources */ = {
			isa = PBXResourcesBuildPhase;
			buildActionMask = 2147483647;
			files = (
			);
			runOnlyForDeploymentPostprocessing = 0;
		};
		636C58AC2F8903D50070F7F2 /* Resources */ = {
			isa = PBXResourcesBuildPhase;
			buildActionMask = 2147483647;
			files = (
			);
			runOnlyForDeploymentPostprocessing = 0;
		};
/* End PBXResourcesBuildPhase section */

/* Begin PBXSourcesBuildPhase section */
		636C588A2F8903D30070F7F2 /* Sources */ = {
			isa = PBXSourcesBuildPhase;
			buildActionMask = 2147483647;
			files = (
			);
			runOnlyForDeploymentPostprocessing = 0;
		};
		636C58A02F8903D50070F7F2 /* Sources */ = {
			isa = PBXSourcesBuildPhase;
			buildActionMask = 2147483647;
			files = (
			);
			runOnlyForDeploymentPostprocessing = 0;
		};
		636C58AA2F8903D50070F7F2 /* Sources */ = {
			isa = PBXSourcesBuildPhase;
			buildActionMask = 2147483647;
			files = (
			);
			runOnlyForDeploymentPostprocessing = 0;
		};
/* End PBXSourcesBuildPhase section */

/* Begin PBXTargetDependency section */
		636C58A62F8903D50070F7F2 /* PBXTargetDependency */ = {
			isa = PBXTargetDependency;
			target = 636C588D2F8903D30070F7F2 /* TMDB-MVVM-C */;
			targetProxy = 636C58A52F8903D50070F7F2 /* PBXContainerItemProxy */;
		};
		636C58B02F8903D50070F7F2 /* PBXTargetDependency */ = {
			isa = PBXTargetDependency;
			target = 636C588D2F8903D30070F7F2 /* TMDB-MVVM-C */;
			targetProxy = 636C58AF2F8903D50070F7F2 /* PBXContainerItemProxy */;
		};
/* End PBXTargetDependency section */

/* Begin XCBuildConfiguration section */
		636C58B82F8903D50070F7F2 /* Debug */ = {
			isa = XCBuildConfiguration;
			buildSettings = {
				ASSETCATALOG_COMPILER_APPICON_NAME = AppIcon;
				ASSETCATALOG_COMPILER_GLOBAL_ACCENT_COLOR_NAME = AccentColor;
				CODE_SIGN_STYLE = Automatic;
				CURRENT_PROJECT_VERSION = 1;
				GENERATE_INFOPLIST_FILE = YES;
				INFOPLIST_FILE = "TMDB-MVVM-C/Info.plist";
				INFOPLIST_KEY_UIApplicationSupportsIndirectInputEvents = YES;
				INFOPLIST_KEY_UILaunchStoryboardName = LaunchScreen;
				INFOPLIST_KEY_UIMainStoryboardFile = Main;
				INFOPLIST_KEY_UISupportedInterfaceOrientations_iPad = "UIInterfaceOrientationPortrait UIInterfaceOrientationPortraitUpsideDown UIInterfaceOrientationLandscapeLeft UIInterfaceOrientationLandscapeRight";
				INFOPLIST_KEY_UISupportedInterfaceOrientations_iPhone = "UIInterfaceOrientationPortrait UIInterfaceOrientationLandscapeLeft UIInterfaceOrientationLandscapeRight";
				LD_RUNPATH_SEARCH_PATHS = (
					"$(inherited)",
					"@executable_path/Frameworks",
				);
				MARKETING_VERSION = 1.0;
				PRODUCT_BUNDLE_IDENTIFIER = "com.test.TMDB-MVVM-C";
				PRODUCT_NAME = "$(TARGET_NAME)";
				STRING_CATALOG_GENERATE_SYMBOLS = YES;
				SWIFT_APPROACHABLE_CONCURRENCY = YES;
				SWIFT_DEFAULT_ACTOR_ISOLATION = MainActor;
				SWIFT_EMIT_LOC_STRINGS = YES;
				SWIFT_UPCOMING_FEATURE_MEMBER_IMPORT_VISIBILITY = YES;
				SWIFT_VERSION = 5.0;
				TARGETED_DEVICE_FAMILY = "1,2";
			};
			name = Debug;
		};
		636C58B92F8903D50070F7F2 /* Release */ = {
			isa = XCBuildConfiguration;
			buildSettings = {
				ASSETCATALOG_COMPILER_APPICON_NAME = AppIcon;
				ASSETCATALOG_COMPILER_GLOBAL_ACCENT_COLOR_NAME = AccentColor;
				CODE_SIGN_STYLE = Automatic;
				CURRENT_PROJECT_VERSION = 1;
				GENERATE_INFOPLIST_FILE = YES;
				INFOPLIST_FILE = "TMDB-MVVM-C/Info.plist";
				INFOPLIST_KEY_UIApplicationSupportsIndirectInputEvents = YES;
				INFOPLIST_KEY_UILaunchStoryboardName = LaunchScreen;
				INFOPLIST_KEY_UIMainStoryboardFile = Main;
				INFOPLIST_KEY_UISupportedInterfaceOrientations_iPad = "UIInterfaceOrientationPortrait UIInterfaceOrientationPortraitUpsideDown UIInterfaceOrientationLandscapeLeft UIInterfaceOrientationLandscapeRight";
				INFOPLIST_KEY_UISupportedInterfaceOrientations_iPhone = "UIInterfaceOrientationPortrait UIInterfaceOrientationLandscapeLeft UIInterfaceOrientationLandscapeRight";
				LD_RUNPATH_SEARCH_PATHS = (
					"$(inherited)",
					"@executable_path/Frameworks",
				);
				MARKETING_VERSION = 1.0;
				PRODUCT_BUNDLE_IDENTIFIER = "com.test.TMDB-MVVM-C";
				PRODUCT_NAME = "$(TARGET_NAME)";
				STRING_CATALOG_GENERATE_SYMBOLS = YES;
				SWIFT_APPROACHABLE_CONCURRENCY = YES;
				SWIFT_DEFAULT_ACTOR_ISOLATION = MainActor;
				SWIFT_EMIT_LOC_STRINGS = YES;
				SWIFT_UPCOMING_FEATURE_MEMBER_IMPORT_VISIBILITY = YES;
				SWIFT_VERSION = 5.0;
				TARGETED_DEVICE_FAMILY = "1,2";
			};
			name = Release;
		};
		636C58BA2F8903D50070F7F2 /* Debug */ = {
			isa = XCBuildConfiguration;
			baseConfigurationReferenceAnchor = 636C58902F8903D30070F7F2 /* TMDB-MVVM-C */;
			baseConfigurationReferenceRelativePath = Configuration/Secret.xcconfig;
			buildSettings = {
				ALWAYS_SEARCH_USER_PATHS = NO;
				ASSETCATALOG_COMPILER_GENERATE_SWIFT_ASSET_SYMBOL_EXTENSIONS = YES;
				CLANG_ANALYZER_NONNULL = YES;
				CLANG_ANALYZER_NUMBER_OBJECT_CONVERSION = YES_AGGRESSIVE;
				CLANG_CXX_LANGUAGE_STANDARD = "gnu++20";
				CLANG_ENABLE_MODULES = YES;
				CLANG_ENABLE_OBJC_ARC = YES;
				CLANG_ENABLE_OBJC_WEAK = YES;
				CLANG_WARN_BLOCK_CAPTURE_AUTORELEASING = YES;
				CLANG_WARN_BOOL_CONVERSION = YES;
				CLANG_WARN_COMMA = YES;
				CLANG_WARN_CONSTANT_CONVERSION = YES;
				CLANG_WARN_DEPRECATED_OBJC_IMPLEMENTATIONS = YES;
				CLANG_WARN_DIRECT_OBJC_ISA_USAGE = YES_ERROR;
				CLANG_WARN_DOCUMENTATION_COMMENTS = YES;
				CLANG_WARN_EMPTY_BODY = YES;
				CLANG_WARN_ENUM_CONVERSION = YES;
				CLANG_WARN_INFINITE_RECURSION = YES;
				CLANG_WARN_INT_CONVERSION = YES;
				CLANG_WARN_NON_LITERAL_NULL_CONVERSION = YES;
				CLANG_WARN_OBJC_IMPLICIT_RETAIN_SELF = YES;
				CLANG_WARN_OBJC_LITERAL_CONVERSION = YES;
				CLANG_WARN_OBJC_ROOT_CLASS = YES_ERROR;
				CLANG_WARN_QUOTED_INCLUDE_IN_FRAMEWORK_HEADER = YES;
				CLANG_WARN_RANGE_LOOP_ANALYSIS = YES;
				CLANG_WARN_STRICT_PROTOTYPES = YES;
				CLANG_WARN_SUSPICIOUS_MOVE = YES;
				CLANG_WARN_UNGUARDED_AVAILABILITY = YES_AGGRESSIVE;
				CLANG_WARN_UNREACHABLE_CODE = YES;
				CLANG_WARN__DUPLICATE_METHOD_MATCH = YES;
				COPY_PHASE_STRIP = NO;
				DEBUG_INFORMATION_FORMAT = dwarf;
				ENABLE_STRICT_OBJC_MSGSEND = YES;
				ENABLE_TESTABILITY = YES;
				ENABLE_USER_SCRIPT_SANDBOXING = YES;
				GCC_C_LANGUAGE_STANDARD = gnu17;
				GCC_DYNAMIC_NO_PIC = NO;
				GCC_NO_COMMON_BLOCKS = YES;
				GCC_OPTIMIZATION_LEVEL = 0;
				GCC_PREPROCESSOR_DEFINITIONS = (
					"DEBUG=1",
					"$(inherited)",
				);
				GCC_WARN_64_TO_32_BIT_CONVERSION = YES;
				GCC_WARN_ABOUT_RETURN_TYPE = YES_ERROR;
				GCC_WARN_UNDECLARED_SELECTOR = YES;
				GCC_WARN_UNINITIALIZED_AUTOS = YES_AGGRESSIVE;
				GCC_WARN_UNUSED_FUNCTION = YES;
				GCC_WARN_UNUSED_VARIABLE = YES;
				IPHONEOS_DEPLOYMENT_TARGET = 26.0;
				LOCALIZATION_PREFERS_STRING_CATALOGS = YES;
				MTL_ENABLE_DEBUG_INFO = INCLUDE_SOURCE;
				MTL_FAST_MATH = YES;
				ONLY_ACTIVE_ARCH = YES;
				SDKROOT = iphoneos;
				SWIFT_ACTIVE_COMPILATION_CONDITIONS = "DEBUG $(inherited)";
				SWIFT_OPTIMIZATION_LEVEL = "-Onone";
			};
			name = Debug;
		};
		636C58BB2F8903D50070F7F2 /* Release */ = {
			isa = XCBuildConfiguration;
			baseConfigurationReferenceAnchor = 636C58902F8903D30070F7F2 /* TMDB-MVVM-C */;
			baseConfigurationReferenceRelativePath = Configuration/Secret.xcconfig;
			buildSettings = {
				ALWAYS_SEARCH_USER_PATHS = NO;
				ASSETCATALOG_COMPILER_GENERATE_SWIFT_ASSET_SYMBOL_EXTENSIONS = YES;
				CLANG_ANALYZER_NONNULL = YES;
				CLANG_ANALYZER_NUMBER_OBJECT_CONVERSION = YES_AGGRESSIVE;
				CLANG_CXX_LANGUAGE_STANDARD = "gnu++20";
				CLANG_ENABLE_MODULES = YES;
				CLANG_ENABLE_OBJC_ARC = YES;
				CLANG_ENABLE_OBJC_WEAK = YES;
				CLANG_WARN_BLOCK_CAPTURE_AUTORELEASING = YES;
				CLANG_WARN_BOOL_CONVERSION = YES;
				CLANG_WARN_COMMA = YES;
				CLANG_WARN_CONSTANT_CONVERSION = YES;
				CLANG_WARN_DEPRECATED_OBJC_IMPLEMENTATIONS = YES;
				CLANG_WARN_DIRECT_OBJC_ISA_USAGE = YES_ERROR;
				CLANG_WARN_DOCUMENTATION_COMMENTS = YES;
				CLANG_WARN_EMPTY_BODY = YES;
				CLANG_WARN_ENUM_CONVERSION = YES;
				CLANG_WARN_INFINITE_RECURSION = YES;
				CLANG_WARN_INT_CONVERSION = YES;
				CLANG_WARN_NON_LITERAL_NULL_CONVERSION = YES;
				CLANG_WARN_OBJC_IMPLICIT_RETAIN_SELF = YES;
				CLANG_WARN_OBJC_LITERAL_CONVERSION = YES;
				CLANG_WARN_OBJC_ROOT_CLASS = YES_ERROR;
				CLANG_WARN_QUOTED_INCLUDE_IN_FRAMEWORK_HEADER = YES;
				CLANG_WARN_RANGE_LOOP_ANALYSIS = YES;
				CLANG_WARN_STRICT_PROTOTYPES = YES;
				CLANG_WARN_SUSPICIOUS_MOVE = YES;
				CLANG_WARN_UNGUARDED_AVAILABILITY = YES_AGGRESSIVE;
				CLANG_WARN_UNREACHABLE_CODE = YES;
				CLANG_WARN__DUPLICATE_METHOD_MATCH = YES;
				COPY_PHASE_STRIP = NO;
				DEBUG_INFORMATION_FORMAT = "dwarf-with-dsym";
				ENABLE_NS_ASSERTIONS = NO;
				ENABLE_STRICT_OBJC_MSGSEND = YES;
				ENABLE_USER_SCRIPT_SANDBOXING = YES;
				GCC_C_LANGUAGE_STANDARD = gnu17;
				GCC_NO_COMMON_BLOCKS = YES;
				GCC_WARN_64_TO_32_BIT_CONVERSION = YES;
				GCC_WARN_ABOUT_RETURN_TYPE = YES_ERROR;
				GCC_WARN_UNDECLARED_SELECTOR = YES;
				GCC_WARN_UNINITIALIZED_AUTOS = YES_AGGRESSIVE;
				GCC_WARN_UNUSED_FUNCTION = YES;
				GCC_WARN_UNUSED_VARIABLE = YES;
				IPHONEOS_DEPLOYMENT_TARGET = 26.0;
				LOCALIZATION_PREFERS_STRING_CATALOGS = YES;
				MTL_ENABLE_DEBUG_INFO = NO;
				MTL_FAST_MATH = YES;
				SDKROOT = iphoneos;
				SWIFT_COMPILATION_MODE = wholemodule;
				VALIDATE_PRODUCT = YES;
			};
			name = Release;
		};
		636C58BD2F8903D50070F7F2 /* Debug */ = {
			isa = XCBuildConfiguration;
			buildSettings = {
				BUNDLE_LOADER = "$(TEST_HOST)";
				CODE_SIGN_STYLE = Automatic;
				CURRENT_PROJECT_VERSION = 1;
				GENERATE_INFOPLIST_FILE = YES;
				IPHONEOS_DEPLOYMENT_TARGET = 26.0;
				MARKETING_VERSION = 1.0;
				PRODUCT_BUNDLE_IDENTIFIER = "com.test.TMDB-MVVM-CTests";
				PRODUCT_NAME = "$(TARGET_NAME)";
				STRING_CATALOG_GENERATE_SYMBOLS = NO;
				SWIFT_APPROACHABLE_CONCURRENCY = YES;
				SWIFT_EMIT_LOC_STRINGS = NO;
				SWIFT_UPCOMING_FEATURE_MEMBER_IMPORT_VISIBILITY = YES;
				SWIFT_VERSION = 5.0;
				TARGETED_DEVICE_FAMILY = "1,2";
				TEST_HOST = "$(BUILT_PRODUCTS_DIR)/TMDB-MVVM-C.app/$(BUNDLE_EXECUTABLE_FOLDER_PATH)/TMDB-MVVM-C";
			};
			name = Debug;
		};
		636C58BE2F8903D50070F7F2 /* Release */ = {
			isa = XCBuildConfiguration;
			buildSettings = {
				BUNDLE_LOADER = "$(TEST_HOST)";
				CODE_SIGN_STYLE = Automatic;
				CURRENT_PROJECT_VERSION = 1;
				GENERATE_INFOPLIST_FILE = YES;
				IPHONEOS_DEPLOYMENT_TARGET = 26.0;
				MARKETING_VERSION = 1.0;
				PRODUCT_BUNDLE_IDENTIFIER = "com.test.TMDB-MVVM-CTests";
				PRODUCT_NAME = "$(TARGET_NAME)";
				STRING_CATALOG_GENERATE_SYMBOLS = NO;
				SWIFT_APPROACHABLE_CONCURRENCY = YES;
				SWIFT_EMIT_LOC_STRINGS = NO;
				SWIFT_UPCOMING_FEATURE_MEMBER_IMPORT_VISIBILITY = YES;
				SWIFT_VERSION = 5.0;
				TARGETED_DEVICE_FAMILY = "1,2";
				TEST_HOST = "$(BUILT_PRODUCTS_DIR)/TMDB-MVVM-C.app/$(BUNDLE_EXECUTABLE_FOLDER_PATH)/TMDB-MVVM-C";
			};
			name = Release;
		};
		636C58C02F8903D50070F7F2 /* Debug */ = {
			isa = XCBuildConfiguration;
			buildSettings = {
				CODE_SIGN_STYLE = Automatic;
				CURRENT_PROJECT_VERSION = 1;
				GENERATE_INFOPLIST_FILE = YES;
				MARKETING_VERSION = 1.0;
				PRODUCT_BUNDLE_IDENTIFIER = "com.test.TMDB-MVVM-CUITests";
				PRODUCT_NAME = "$(TARGET_NAME)";
				STRING_CATALOG_GENERATE_SYMBOLS = NO;
				SWIFT_APPROACHABLE_CONCURRENCY = YES;
				SWIFT_EMIT_LOC_STRINGS = NO;
				SWIFT_UPCOMING_FEATURE_MEMBER_IMPORT_VISIBILITY = YES;
				SWIFT_VERSION = 5.0;
				TARGETED_DEVICE_FAMILY = "1,2";
				TEST_TARGET_NAME = "TMDB-MVVM-C";
			};
			name = Debug;
		};
		636C58C12F8903D50070F7F2 /* Release */ = {
			isa = XCBuildConfiguration;
			buildSettings = {
				CODE_SIGN_STYLE = Automatic;
				CURRENT_PROJECT_VERSION = 1;
				GENERATE_INFOPLIST_FILE = YES;
				MARKETING_VERSION = 1.0;
				PRODUCT_BUNDLE_IDENTIFIER = "com.test.TMDB-MVVM-CUITests";
				PRODUCT_NAME = "$(TARGET_NAME)";
				STRING_CATALOG_GENERATE_SYMBOLS = NO;
				SWIFT_APPROACHABLE_CONCURRENCY = YES;
				SWIFT_EMIT_LOC_STRINGS = NO;
				SWIFT_UPCOMING_FEATURE_MEMBER_IMPORT_VISIBILITY = YES;
				SWIFT_VERSION = 5.0;
				TARGETED_DEVICE_FAMILY = "1,2";
				TEST_TARGET_NAME = "TMDB-MVVM-C";
			};
			name = Release;
		};
/* End XCBuildConfiguration section */

/* Begin XCConfigurationList section */
		636C58892F8903D30070F7F2 /* Build configuration list for PBXProject "TMDB-MVVM-C" */ = {
			isa = XCConfigurationList;
			buildConfigurations = (
				636C58BA2F8903D50070F7F2 /* Debug */,
				636C58BB2F8903D50070F7F2 /* Release */,
			);
			defaultConfigurationIsVisible = 0;
			defaultConfigurationName = Release;
		};
		636C58B72F8903D50070F7F2 /* Build configuration list for PBXNativeTarget "TMDB-MVVM-C" */ = {
			isa = XCConfigurationList;
			buildConfigurations = (
				636C58B82F8903D50070F7F2 /* Debug */,
				636C58B92F8903D50070F7F2 /* Release */,
			);
			defaultConfigurationIsVisible = 0;
			defaultConfigurationName = Release;
		};
		636C58BC2F8903D50070F7F2 /* Build configuration list for PBXNativeTarget "TMDB-MVVM-CTests" */ = {
			isa = XCConfigurationList;
			buildConfigurations = (
				636C58BD2F8903D50070F7F2 /* Debug */,
				636C58BE2F8903D50070F7F2 /* Release */,
			);
			defaultConfigurationIsVisible = 0;
			defaultConfigurationName = Release;
		};
		636C58BF2F8903D50070F7F2 /* Build configuration list for PBXNativeTarget "TMDB-MVVM-CUITests" */ = {
			isa = XCConfigurationList;
			buildConfigurations = (
				636C58C02F8903D50070F7F2 /* Debug */,
				636C58C12F8903D50070F7F2 /* Release */,
			);
			defaultConfigurationIsVisible = 0;
			defaultConfigurationName = Release;
		};
/* End XCConfigurationList section */
	};
	rootObject = 636C58862F8903D30070F7F2 /* Project object */;
}
